{
    "requires": true,
    "lockfileVersion": 1,
    "dependencies": {
        "nouislider": {
            "version": "14.7.0",
            "resolved": "https://registry.npmjs.org/nouislider/-/nouislider-14.7.0.tgz",
            "integrity": "sha512-4RtQ1+LHJKesDCNJrXkQcwXAWCrC2aggdLYMstS/G5fEWL+fXZbUA9pwVNHFghMGuFGRATlDLNInRaPeRKzpFQ=="
        }
    }
}
