{
    "_readme": [
        "This file locks the dependencies of your project to a known state",
        "Read more about it at https://getcomposer.org/doc/01-basic-usage.md#installing-dependencies",
        "This file is @generated automatically"
    ],
    "content-hash": "ebbffdfcbb9407490b6c3537e708c9d1",
    "packages": [
        {
            "name": "arielmejiadev/larapex-charts",
            "version": "2.1.0",
            "source": {
                "type": "git",
                "url": "https://github.com/ArielMejiaDev/larapex-charts.git",
                "reference": "7de57e5aed5b0851cf6043376addc838ef5123dd"
            },
            "dist": {
                "type": "zip",
                "url": "https://api.github.com/repos/ArielMejiaDev/larapex-charts/zipball/7de57e5aed5b0851cf6043376addc838ef5123dd",
                "reference": "7de57e5aed5b0851cf6043376addc838ef5123dd",
                "shasum": ""
            },
            "require": {
                "ext-json": "*"
            },
            "require-dev": {
                "orchestra/testbench": "^4.4"
            },
            "type": "library",
            "extra": {
                "laravel": {
                    "providers": [
                        "ArielMejiaDev\\LarapexCharts\\LarapexChartsServiceProvider"
                    ],
                    "aliases": {
                        "LarapexChart": "ArielMejiaDev\\LarapexCharts\\Facades\\LarapexChart"
                    }
                }
            },
            "autoload": {
                "psr-4": {
                    "ArielMejiaDev\\LarapexCharts\\": "src/"
                }
            },
            "notification-url": "https://packagist.org/downloads/",
            "license": [
                "MIT"
            ],
            "authors": [
                {
                    "name": "ArielMejiaDev",
                    "email": "arielmejiadev@gmail.com"
                }
            ],
            "description": "Package to provide easy api to build apex charts on Laravel",
            "support": {
                "issues": "https://github.com/ArielMejiaDev/larapex-charts/issues",
                "source": "https://github.com/ArielMejiaDev/larapex-charts/tree/2.1.0"
            },
            "time": "2021-02-14T19:12:26+00:00"
        }
    ],
    "packages-dev": [],
    "aliases": [],
    "minimum-stability": "stable",
    "stability-flags": [],
    "prefer-stable": false,
    "prefer-lowest": false,
    "platform": [],
    "platform-dev": [],
    "plugin-api-version": "2.0.0"
}
